
Microsoft Visual Studio Solution File, Format Version 12.00
# Visual Studio 2013
VisualStudioVersion = 12.0.30501.0
MinimumVisualStudioVersion = 10.0.40219.1
Project("{8BC9CEB8-8B4A-11D0-8D11-00A0C91BC942}") = "数组的初始化、清空、逆置", "数组的初始化、清空、逆置\数组的初始化、清空、逆置.vcxproj", "{F6B55B2A-74EB-43A6-B103-5A64C36DFD5F}"
EndProject
Global
	GlobalSection(SolutionConfigurationPlatforms) = preSolution
		Debug|Win32 = Debug|Win32
		Release|Win32 = Release|Win32
	EndGlobalSection
	GlobalSection(ProjectConfigurationPlatforms) = postSolution
		{F6B55B2A-74EB-43A6-B103-5A64C36DFD5F}.Debug|Win32.ActiveCfg = Debug|Win32
		{F6B55B2A-74EB-43A6-B103-5A64C36DFD5F}.Debug|Win32.Build.0 = Debug|Win32
		{F6B55B2A-74EB-43A6-B103-5A64C36DFD5F}.Release|Win32.ActiveCfg = Release|Win32
		{F6B55B2A-74EB-43A6-B103-5A64C36DFD5F}.Release|Win32.Build.0 = Release|Win32
	EndGlobalSection
	GlobalSection(SolutionProperties) = preSolution
		HideSolutionNode = FALSE
	EndGlobalSection
EndGlobal
