
Microsoft Visual Studio Solution File, Format Version 12.00
# Visual Studio 2013
VisualStudioVersion = 12.0.30501.0
MinimumVisualStudioVersion = 10.0.40219.1
Project("{8BC9CEB8-8B4A-11D0-8D11-00A0C91BC942}") = "字符串连接", "字符串连接\字符串连接.vcxproj", "{D68A257A-89B7-4504-A9B3-FD9FE76FE943}"
EndProject
Global
	GlobalSection(SolutionConfigurationPlatforms) = preSolution
		Debug|Win32 = Debug|Win32
		Release|Win32 = Release|Win32
	EndGlobalSection
	GlobalSection(ProjectConfigurationPlatforms) = postSolution
		{D68A257A-89B7-4504-A9B3-FD9FE76FE943}.Debug|Win32.ActiveCfg = Debug|Win32
		{D68A257A-89B7-4504-A9B3-FD9FE76FE943}.Debug|Win32.Build.0 = Debug|Win32
		{D68A257A-89B7-4504-A9B3-FD9FE76FE943}.Release|Win32.ActiveCfg = Release|Win32
		{D68A257A-89B7-4504-A9B3-FD9FE76FE943}.Release|Win32.Build.0 = Release|Win32
	EndGlobalSection
	GlobalSection(SolutionProperties) = preSolution
		HideSolutionNode = FALSE
	EndGlobalSection
EndGlobal
