
Microsoft Visual Studio Solution File, Format Version 12.00
# Visual Studio 2013
VisualStudioVersion = 12.0.30501.0
MinimumVisualStudioVersion = 10.0.40219.1
Project("{8BC9CEB8-8B4A-11D0-8D11-00A0C91BC942}") = "递归计算n的k次方", "递归计算n的k次方\递归计算n的k次方.vcxproj", "{66573E19-C244-4EA9-B1A0-10ECD39F1055}"
EndProject
Global
	GlobalSection(SolutionConfigurationPlatforms) = preSolution
		Debug|Win32 = Debug|Win32
		Release|Win32 = Release|Win32
	EndGlobalSection
	GlobalSection(ProjectConfigurationPlatforms) = postSolution
		{66573E19-C244-4EA9-B1A0-10ECD39F1055}.Debug|Win32.ActiveCfg = Debug|Win32
		{66573E19-C244-4EA9-B1A0-10ECD39F1055}.Debug|Win32.Build.0 = Debug|Win32
		{66573E19-C244-4EA9-B1A0-10ECD39F1055}.Release|Win32.ActiveCfg = Release|Win32
		{66573E19-C244-4EA9-B1A0-10ECD39F1055}.Release|Win32.Build.0 = Release|Win32
	EndGlobalSection
	GlobalSection(SolutionProperties) = preSolution
		HideSolutionNode = FALSE
	EndGlobalSection
EndGlobal
