
Microsoft Visual Studio Solution File, Format Version 12.00
# Visual Studio 2013
VisualStudioVersion = 12.0.30501.0
MinimumVisualStudioVersion = 10.0.40219.1
Project("{8BC9CEB8-8B4A-11D0-8D11-00A0C91BC942}") = "和为s的两个数", "和为s的两个数\和为s的两个数.vcxproj", "{D6C0A563-1162-4213-BC75-9334A089CCDE}"
EndProject
Global
	GlobalSection(SolutionConfigurationPlatforms) = preSolution
		Debug|Win32 = Debug|Win32
		Release|Win32 = Release|Win32
	EndGlobalSection
	GlobalSection(ProjectConfigurationPlatforms) = postSolution
		{D6C0A563-1162-4213-BC75-9334A089CCDE}.Debug|Win32.ActiveCfg = Debug|Win32
		{D6C0A563-1162-4213-BC75-9334A089CCDE}.Debug|Win32.Build.0 = Debug|Win32
		{D6C0A563-1162-4213-BC75-9334A089CCDE}.Release|Win32.ActiveCfg = Release|Win32
		{D6C0A563-1162-4213-BC75-9334A089CCDE}.Release|Win32.Build.0 = Release|Win32
	EndGlobalSection
	GlobalSection(SolutionProperties) = preSolution
		HideSolutionNode = FALSE
	EndGlobalSection
EndGlobal
